
Microsoft Visual Studio Solution File, Format Version 12.00
# Visual Studio Version 16
VisualStudioVersion = 16.0.31129.286
MinimumVisualStudioVersion = 10.0.40219.1
Project("{FAE04EC0-301F-11D3-BF4B-00C04F79EFBC}") = "SimpleCalculator", "SimpleCalculator\SimpleCalculator.csproj", "{1EBE8BAA-F8BD-4DDC-8022-05EBA9282D8E}"
EndProject
Global
	GlobalSection(SolutionConfigurationPlatforms) = preSolution
		Debug|Any CPU = Debug|Any CPU
		Release|Any CPU = Release|Any CPU
	EndGlobalSection
	GlobalSection(ProjectConfigurationPlatforms) = postSolution
		{1EBE8BAA-F8BD-4DDC-8022-05EBA9282D8E}.Debug|Any CPU.ActiveCfg = Debug|Any CPU
		{1EBE8BAA-F8BD-4DDC-8022-05EBA9282D8E}.Debug|Any CPU.Build.0 = Debug|Any CPU
		{1EBE8BAA-F8BD-4DDC-8022-05EBA9282D8E}.Release|Any CPU.ActiveCfg = Release|Any CPU
		{1EBE8BAA-F8BD-4DDC-8022-05EBA9282D8E}.Release|Any CPU.Build.0 = Release|Any CPU
	EndGlobalSection
	GlobalSection(SolutionProperties) = preSolution
		HideSolutionNode = FALSE
	EndGlobalSection
	GlobalSection(ExtensibilityGlobals) = postSolution
		SolutionGuid = {EC164D22-DA53-4352-8C3C-8B059B695F8C}
	EndGlobalSection
EndGlobal
