
Microsoft Visual Studio Solution File, Format Version 12.00
# Visual Studio Version 16
VisualStudioVersion = 16.0.31129.286
MinimumVisualStudioVersion = 10.0.40219.1
Project("{FAE04EC0-301F-11D3-BF4B-00C04F79EFBC}") = "ReducingSteps", "ReducingSteps\ReducingSteps.csproj", "{DC5E93E8-BD47-4AD3-BED8-2A19C6A68873}"
EndProject
Global
	GlobalSection(SolutionConfigurationPlatforms) = preSolution
		Debug|Any CPU = Debug|Any CPU
		Release|Any CPU = Release|Any CPU
	EndGlobalSection
	GlobalSection(ProjectConfigurationPlatforms) = postSolution
		{DC5E93E8-BD47-4AD3-BED8-2A19C6A68873}.Debug|Any CPU.ActiveCfg = Debug|Any CPU
		{DC5E93E8-BD47-4AD3-BED8-2A19C6A68873}.Debug|Any CPU.Build.0 = Debug|Any CPU
		{DC5E93E8-BD47-4AD3-BED8-2A19C6A68873}.Release|Any CPU.ActiveCfg = Release|Any CPU
		{DC5E93E8-BD47-4AD3-BED8-2A19C6A68873}.Release|Any CPU.Build.0 = Release|Any CPU
	EndGlobalSection
	GlobalSection(SolutionProperties) = preSolution
		HideSolutionNode = FALSE
	EndGlobalSection
	GlobalSection(ExtensibilityGlobals) = postSolution
		SolutionGuid = {4FDF93A4-080F-4CBB-8A4E-CD3D29C84B1E}
	EndGlobalSection
EndGlobal
