
Microsoft Visual Studio Solution File, Format Version 12.00
# Visual Studio Version 16
VisualStudioVersion = 16.0.31129.286
MinimumVisualStudioVersion = 10.0.40219.1
Project("{FAE04EC0-301F-11D3-BF4B-00C04F79EFBC}") = "AbstractShapes", "AbstractShapes\AbstractShapes.csproj", "{595D84AB-A24C-44E8-9EB6-717BD12C0412}"
EndProject
Global
	GlobalSection(SolutionConfigurationPlatforms) = preSolution
		Debug|Any CPU = Debug|Any CPU
		Release|Any CPU = Release|Any CPU
	EndGlobalSection
	GlobalSection(ProjectConfigurationPlatforms) = postSolution
		{595D84AB-A24C-44E8-9EB6-717BD12C0412}.Debug|Any CPU.ActiveCfg = Debug|Any CPU
		{595D84AB-A24C-44E8-9EB6-717BD12C0412}.Debug|Any CPU.Build.0 = Debug|Any CPU
		{595D84AB-A24C-44E8-9EB6-717BD12C0412}.Release|Any CPU.ActiveCfg = Release|Any CPU
		{595D84AB-A24C-44E8-9EB6-717BD12C0412}.Release|Any CPU.Build.0 = Release|Any CPU
	EndGlobalSection
	GlobalSection(SolutionProperties) = preSolution
		HideSolutionNode = FALSE
	EndGlobalSection
	GlobalSection(ExtensibilityGlobals) = postSolution
		SolutionGuid = {BDDC88C4-480D-4307-85F8-7B8466224AD3}
	EndGlobalSection
EndGlobal
