
Microsoft Visual Studio Solution File, Format Version 12.00
# Visual Studio Version 16
VisualStudioVersion = 16.0.31129.286
MinimumVisualStudioVersion = 10.0.40219.1
Project("{FAE04EC0-301F-11D3-BF4B-00C04F79EFBC}") = "WealthiestPerson", "WealthiestPerson\WealthiestPerson.csproj", "{8EF8B070-5A49-48C0-AF1F-E3C56B6BDE70}"
EndProject
Global
	GlobalSection(SolutionConfigurationPlatforms) = preSolution
		Debug|Any CPU = Debug|Any CPU
		Release|Any CPU = Release|Any CPU
	EndGlobalSection
	GlobalSection(ProjectConfigurationPlatforms) = postSolution
		{8EF8B070-5A49-48C0-AF1F-E3C56B6BDE70}.Debug|Any CPU.ActiveCfg = Debug|Any CPU
		{8EF8B070-5A49-48C0-AF1F-E3C56B6BDE70}.Debug|Any CPU.Build.0 = Debug|Any CPU
		{8EF8B070-5A49-48C0-AF1F-E3C56B6BDE70}.Release|Any CPU.ActiveCfg = Release|Any CPU
		{8EF8B070-5A49-48C0-AF1F-E3C56B6BDE70}.Release|Any CPU.Build.0 = Release|Any CPU
	EndGlobalSection
	GlobalSection(SolutionProperties) = preSolution
		HideSolutionNode = FALSE
	EndGlobalSection
	GlobalSection(ExtensibilityGlobals) = postSolution
		SolutionGuid = {360B0E8C-90F0-4366-B472-63175DB4C99A}
	EndGlobalSection
EndGlobal
