
Microsoft Visual Studio Solution File, Format Version 12.00
# Visual Studio Version 16
VisualStudioVersion = 16.0.31129.286
MinimumVisualStudioVersion = 10.0.40219.1
Project("{FAE04EC0-301F-11D3-BF4B-00C04F79EFBC}") = "ConvertIncrementPrint", "ConvertIncrementPrint\ConvertIncrementPrint.csproj", "{66726F5E-FCCD-4EBD-A9D5-A27C4E2C2D57}"
EndProject
Global
	GlobalSection(SolutionConfigurationPlatforms) = preSolution
		Debug|Any CPU = Debug|Any CPU
		Release|Any CPU = Release|Any CPU
	EndGlobalSection
	GlobalSection(ProjectConfigurationPlatforms) = postSolution
		{66726F5E-FCCD-4EBD-A9D5-A27C4E2C2D57}.Debug|Any CPU.ActiveCfg = Debug|Any CPU
		{66726F5E-FCCD-4EBD-A9D5-A27C4E2C2D57}.Debug|Any CPU.Build.0 = Debug|Any CPU
		{66726F5E-FCCD-4EBD-A9D5-A27C4E2C2D57}.Release|Any CPU.ActiveCfg = Release|Any CPU
		{66726F5E-FCCD-4EBD-A9D5-A27C4E2C2D57}.Release|Any CPU.Build.0 = Release|Any CPU
	EndGlobalSection
	GlobalSection(SolutionProperties) = preSolution
		HideSolutionNode = FALSE
	EndGlobalSection
	GlobalSection(ExtensibilityGlobals) = postSolution
		SolutionGuid = {DC7072B3-ABA0-4778-8810-5A247258064A}
	EndGlobalSection
EndGlobal
