
Microsoft Visual Studio Solution File, Format Version 12.00
# Visual Studio Version 16
VisualStudioVersion = 16.0.31025.194
MinimumVisualStudioVersion = 10.0.40219.1
Project("{FAE04EC0-301F-11D3-BF4B-00C04F79EFBC}") = "PartyInvites", "PartyInvites\PartyInvites.csproj", "{3A24A42C-DC5B-425D-A1B9-AED2A7B102E9}"
EndProject
Global
	GlobalSection(SolutionConfigurationPlatforms) = preSolution
		Debug|Any CPU = Debug|Any CPU
		Release|Any CPU = Release|Any CPU
	EndGlobalSection
	GlobalSection(ProjectConfigurationPlatforms) = postSolution
		{3A24A42C-DC5B-425D-A1B9-AED2A7B102E9}.Debug|Any CPU.ActiveCfg = Debug|Any CPU
		{3A24A42C-DC5B-425D-A1B9-AED2A7B102E9}.Debug|Any CPU.Build.0 = Debug|Any CPU
		{3A24A42C-DC5B-425D-A1B9-AED2A7B102E9}.Release|Any CPU.ActiveCfg = Release|Any CPU
		{3A24A42C-DC5B-425D-A1B9-AED2A7B102E9}.Release|Any CPU.Build.0 = Release|Any CPU
	EndGlobalSection
	GlobalSection(SolutionProperties) = preSolution
		HideSolutionNode = FALSE
	EndGlobalSection
	GlobalSection(ExtensibilityGlobals) = postSolution
		SolutionGuid = {F3456856-3632-47A7-910E-4C08E72C67F9}
	EndGlobalSection
EndGlobal
